
Microsoft Visual Studio Solution File, Format Version 12.00
# Visual Studio Version 17
VisualStudioVersion = 17.1.32228.430
MinimumVisualStudioVersion = 10.0.40219.1
Project("{FAE04EC0-301F-11D3-BF4B-00C04F79EFBC}") = "Dungeon_Game_App", "Dungeon_Game_App\Dungeon_Game_App.csproj", "{F61288BE-5734-4AFD-8ED0-DA938A27F21D}"
EndProject
Project("{FAE04EC0-301F-11D3-BF4B-00C04F79EFBC}") = "Dungeon Library", "Dungeon Library\Dungeon Library.csproj", "{F05BD46D-08BD-43A9-AE34-97C3FD9B73F0}"
EndProject
Global
	GlobalSection(SolutionConfigurationPlatforms) = preSolution
		Debug|Any CPU = Debug|Any CPU
		Release|Any CPU = Release|Any CPU
	EndGlobalSection
	GlobalSection(ProjectConfigurationPlatforms) = postSolution
		{F61288BE-5734-4AFD-8ED0-DA938A27F21D}.Debug|Any CPU.ActiveCfg = Debug|Any CPU
		{F61288BE-5734-4AFD-8ED0-DA938A27F21D}.Debug|Any CPU.Build.0 = Debug|Any CPU
		{F61288BE-5734-4AFD-8ED0-DA938A27F21D}.Release|Any CPU.ActiveCfg = Release|Any CPU
		{F61288BE-5734-4AFD-8ED0-DA938A27F21D}.Release|Any CPU.Build.0 = Release|Any CPU
		{F05BD46D-08BD-43A9-AE34-97C3FD9B73F0}.Debug|Any CPU.ActiveCfg = Debug|Any CPU
		{F05BD46D-08BD-43A9-AE34-97C3FD9B73F0}.Debug|Any CPU.Build.0 = Debug|Any CPU
		{F05BD46D-08BD-43A9-AE34-97C3FD9B73F0}.Release|Any CPU.ActiveCfg = Release|Any CPU
		{F05BD46D-08BD-43A9-AE34-97C3FD9B73F0}.Release|Any CPU.Build.0 = Release|Any CPU
	EndGlobalSection
	GlobalSection(SolutionProperties) = preSolution
		HideSolutionNode = FALSE
	EndGlobalSection
	GlobalSection(ExtensibilityGlobals) = postSolution
		SolutionGuid = {8491EBBB-BA92-4EBB-8321-C7E4BDB092CB}
	EndGlobalSection
EndGlobal
